
Microsoft Visual Studio Solution File, Format Version 12.00
# Visual Studio Version 16
VisualStudioVersion = 16.0.28621.142
MinimumVisualStudioVersion = 10.0.40219.1
Project("{FAE04EC0-301F-11D3-BF4B-00C04F79EFBC}") = "SerializationXPath", "SerializationXPath\SerializationXPath.csproj", "{AC4DFCD6-AC2B-4AD5-B89B-C102625BFB83}"
EndProject
Project("{FAE04EC0-301F-11D3-BF4B-00C04F79EFBC}") = "Tree-identification", "..\Tree-identification\Tree-identification.csproj", "{C6187D70-DDA2-4B09-AA98-DBC0FEDD7E8B}"
EndProject
Global
	GlobalSection(SolutionConfigurationPlatforms) = preSolution
		Debug|Any CPU = Debug|Any CPU
		Release|Any CPU = Release|Any CPU
	EndGlobalSection
	GlobalSection(ProjectConfigurationPlatforms) = postSolution
		{AC4DFCD6-AC2B-4AD5-B89B-C102625BFB83}.Debug|Any CPU.ActiveCfg = Debug|Any CPU
		{AC4DFCD6-AC2B-4AD5-B89B-C102625BFB83}.Debug|Any CPU.Build.0 = Debug|Any CPU
		{AC4DFCD6-AC2B-4AD5-B89B-C102625BFB83}.Release|Any CPU.ActiveCfg = Release|Any CPU
		{AC4DFCD6-AC2B-4AD5-B89B-C102625BFB83}.Release|Any CPU.Build.0 = Release|Any CPU
		{C6187D70-DDA2-4B09-AA98-DBC0FEDD7E8B}.Debug|Any CPU.ActiveCfg = Debug|Any CPU
		{C6187D70-DDA2-4B09-AA98-DBC0FEDD7E8B}.Debug|Any CPU.Build.0 = Debug|Any CPU
		{C6187D70-DDA2-4B09-AA98-DBC0FEDD7E8B}.Release|Any CPU.ActiveCfg = Release|Any CPU
		{C6187D70-DDA2-4B09-AA98-DBC0FEDD7E8B}.Release|Any CPU.Build.0 = Release|Any CPU
	EndGlobalSection
	GlobalSection(SolutionProperties) = preSolution
		HideSolutionNode = FALSE
	EndGlobalSection
	GlobalSection(ExtensibilityGlobals) = postSolution
		SolutionGuid = {11FC0BD1-B237-4994-9F60-6839075A4F30}
	EndGlobalSection
EndGlobal
